
Microsoft Visual Studio Solution File, Format Version 12.00
# Visual Studio Version 18
VisualStudioVersion = 18.6.11806.211
MinimumVisualStudioVersion = 10.0.40219.1
Project("{FAE04EC0-301F-11D3-BF4B-00C04F79EFBC}") = "PibRevolution", "PibRevolution.csproj", "{61E830BB-90DE-4367-9E6B-27A84CCEE0EC}"
EndProject
Global
	GlobalSection(SolutionConfigurationPlatforms) = preSolution
		Debug|Any CPU = Debug|Any CPU
		Release|Any CPU = Release|Any CPU
	EndGlobalSection
	GlobalSection(ProjectConfigurationPlatforms) = postSolution
		{61E830BB-90DE-4367-9E6B-27A84CCEE0EC}.Debug|Any CPU.ActiveCfg = Debug|Any CPU
		{61E830BB-90DE-4367-9E6B-27A84CCEE0EC}.Debug|Any CPU.Build.0 = Debug|Any CPU
		{61E830BB-90DE-4367-9E6B-27A84CCEE0EC}.Release|Any CPU.ActiveCfg = Release|Any CPU
		{61E830BB-90DE-4367-9E6B-27A84CCEE0EC}.Release|Any CPU.Build.0 = Release|Any CPU
	EndGlobalSection
	GlobalSection(SolutionProperties) = preSolution
		HideSolutionNode = FALSE
	EndGlobalSection
	GlobalSection(ExtensibilityGlobals) = postSolution
		SolutionGuid = {DE3052EB-C31C-4869-A126-6778CABD908C}
	EndGlobalSection
EndGlobal
